
Microsoft Visual Studio Solution File, Format Version 12.00
# Visual Studio Version 16
VisualStudioVersion = 16.0.29709.97
MinimumVisualStudioVersion = 10.0.40219.1
Project("{FAE04EC0-301F-11D3-BF4B-00C04F79EFBC}") = "EaglerLoad", "EaglerLoad\EaglerLoad.csproj", "{CDC39780-533D-4E91-BEFB-E97253692F86}"
EndProject
Global
	GlobalSection(SolutionConfigurationPlatforms) = preSolution
		Debug|Any CPU = Debug|Any CPU
		Release|Any CPU = Release|Any CPU
	EndGlobalSection
	GlobalSection(ProjectConfigurationPlatforms) = postSolution
		{CDC39780-533D-4E91-BEFB-E97253692F86}.Debug|Any CPU.ActiveCfg = Debug|Any CPU
		{CDC39780-533D-4E91-BEFB-E97253692F86}.Debug|Any CPU.Build.0 = Debug|Any CPU
		{CDC39780-533D-4E91-BEFB-E97253692F86}.Release|Any CPU.ActiveCfg = Release|Any CPU
		{CDC39780-533D-4E91-BEFB-E97253692F86}.Release|Any CPU.Build.0 = Release|Any CPU
	EndGlobalSection
	GlobalSection(SolutionProperties) = preSolution
		HideSolutionNode = FALSE
	EndGlobalSection
	GlobalSection(ExtensibilityGlobals) = postSolution
		SolutionGuid = {3D09622B-57B4-4920-8F84-74931D0FFF62}
	EndGlobalSection
EndGlobal
